// !$*UTF8*$!
{
	archiveVersion = 1;
	classes = {
	};
	objectVersion = 56;
	objects = {

/* Begin PBXBuildFile section */
		2F21D6D6291B405300429935 /* GoogleService-Info.plist in Resources */ = {isa = PBXBuildFile; fileRef = 2F21D6D5291B405300429935 /* GoogleService-Info.plist */; };
		2F21D6D9291B424900429935 /* FirebaseAuth in Frameworks */ = {isa = PBXBuildFile; productRef = 2F21D6D8291B424900429935 /* FirebaseAuth */; };
		2F21D6DB291B424900429935 /* FirebaseCrashlytics in Frameworks */ = {isa = PBXBuildFile; productRef = 2F21D6DA291B424900429935 /* FirebaseCrashlytics */; };
		2F21D6DD291B424900429935 /* FirebaseMessaging in Frameworks */ = {isa = PBXBuildFile; productRef = 2F21D6DC291B424900429935 /* FirebaseMessaging */; };
		2F21D6E2291B7F2700429935 /* PhoneCertificationView.swift in Sources */ = {isa = PBXBuildFile; fileRef = 2F21D6E1291B7F2700429935 /* PhoneCertificationView.swift */; };
		2F21D6E4291B7F3200429935 /* PhoneCertificationViewController.swift in Sources */ = {isa = PBXBuildFile; fileRef = 2F21D6E3291B7F3200429935 /* PhoneCertificationViewController.swift */; };
		2F21D6E7291B7F7500429935 /* PhoneCertificationViewModel.swift in Sources */ = {isa = PBXBuildFile; fileRef = 2F21D6E6291B7F7500429935 /* PhoneCertificationViewModel.swift */; };
		2FAE3F2D2918D4840069579F /* AppDelegate.swift in Sources */ = {isa = PBXBuildFile; fileRef = 2FAE3F2C2918D4840069579F /* AppDelegate.swift */; };
		2FAE3F2F2918D4840069579F /* SceneDelegate.swift in Sources */ = {isa = PBXBuildFile; fileRef = 2FAE3F2E2918D4840069579F /* SceneDelegate.swift */; };
		2FAE3F312918D4840069579F /* ViewController.swift in Sources */ = {isa = PBXBuildFile; fileRef = 2FAE3F302918D4840069579F /* ViewController.swift */; };
		2FAE3F342918D4840069579F /* Main.storyboard in Resources */ = {isa = PBXBuildFile; fileRef = 2FAE3F322918D4840069579F /* Main.storyboard */; };
		2FAE3F362918D4850069579F /* Assets.xcassets in Resources */ = {isa = PBXBuildFile; fileRef = 2FAE3F352918D4850069579F /* Assets.xcassets */; };
		2FAE3F392918D4850069579F /* LaunchScreen.storyboard in Resources */ = {isa = PBXBuildFile; fileRef = 2FAE3F372918D4850069579F /* LaunchScreen.storyboard */; };
		2FAE3F412918D4AD0069579F /* .gitignore in Resources */ = {isa = PBXBuildFile; fileRef = 2FAE3F402918D4AD0069579F /* .gitignore */; };
		2FAE3F572918D54F0069579F /* CollectionType+.swift in Sources */ = {isa = PBXBuildFile; fileRef = 2FAE3F482918D54F0069579F /* CollectionType+.swift */; };
		2FAE3F582918D54F0069579F /* String+.swift in Sources */ = {isa = PBXBuildFile; fileRef = 2FAE3F492918D54F0069579F /* String+.swift */; };
		2FAE3F592918D54F0069579F /* UIViewController+.swift in Sources */ = {isa = PBXBuildFile; fileRef = 2FAE3F4A2918D54F0069579F /* UIViewController+.swift */; };
		2FAE3F5A2918D54F0069579F /* ReusableProtocol.swift in Sources */ = {isa = PBXBuildFile; fileRef = 2FAE3F4C2918D54F0069579F /* ReusableProtocol.swift */; };
		2FAE3F5B2918D54F0069579F /* BaseViewController.swift in Sources */ = {isa = PBXBuildFile; fileRef = 2FAE3F4E2918D54F0069579F /* BaseViewController.swift */; };
		2FAE3F5C2918D54F0069579F /* BaseTableViewCell.swift in Sources */ = {isa = PBXBuildFile; fileRef = 2FAE3F4F2918D54F0069579F /* BaseTableViewCell.swift */; };
		2FAE3F5D2918D54F0069579F /* BaseCollectionViewCell.swift in Sources */ = {isa = PBXBuildFile; fileRef = 2FAE3F502918D54F0069579F /* BaseCollectionViewCell.swift */; };
		2FAE3F5E2918D54F0069579F /* BaseView.swift in Sources */ = {isa = PBXBuildFile; fileRef = 2FAE3F512918D54F0069579F /* BaseView.swift */; };
		2FAE3F602918D5980069579F /* UIColor+.swift in Sources */ = {isa = PBXBuildFile; fileRef = 2FAE3F5F2918D5980069579F /* UIColor+.swift */; };
		2FAE3F622918D9DD0069579F /* UIFont+.swift in Sources */ = {isa = PBXBuildFile; fileRef = 2FAE3F612918D9DD0069579F /* UIFont+.swift */; };
		2FAE3F662918EB7F0069579F /* SnapKit in Frameworks */ = {isa = PBXBuildFile; productRef = 2FAE3F652918EB7F0069579F /* SnapKit */; };
		2FAE3F682918ED5B0069579F /* UIButton+.swift in Sources */ = {isa = PBXBuildFile; fileRef = 2FAE3F672918ED5B0069579F /* UIButton+.swift */; };
		2FAE3F6E2918EE090069579F /* Then in Frameworks */ = {isa = PBXBuildFile; productRef = 2FAE3F6D2918EE090069579F /* Then */; };
		2FAE3F702918F6A90069579F /* OnBoardingViewController.swift in Sources */ = {isa = PBXBuildFile; fileRef = 2FAE3F6F2918F6A90069579F /* OnBoardingViewController.swift */; };
		2FAE3F722918F7740069579F /* FirstViewController.swift in Sources */ = {isa = PBXBuildFile; fileRef = 2FAE3F712918F7740069579F /* FirstViewController.swift */; };
		2FAE3F742918F7820069579F /* SecondViewController.swift in Sources */ = {isa = PBXBuildFile; fileRef = 2FAE3F732918F7820069579F /* SecondViewController.swift */; };
		2FAE3F762918F78A0069579F /* ThirdViewController.swift in Sources */ = {isa = PBXBuildFile; fileRef = 2FAE3F752918F78A0069579F /* ThirdViewController.swift */; };
		2FAE3F7929191F5A0069579F /* FirstView.swift in Sources */ = {isa = PBXBuildFile; fileRef = 2FAE3F7829191F5A0069579F /* FirstView.swift */; };
		2FFA723D2919E9C200172240 /* Toast in Frameworks */ = {isa = PBXBuildFile; productRef = 2FFA723C2919E9C200172240 /* Toast */; };
		2FFA7241291A1BF000172240 /* NotoSansKR-Medium.otf in Resources */ = {isa = PBXBuildFile; fileRef = 2FFA723F291A1BF000172240 /* NotoSansKR-Medium.otf */; };
		2FFA7242291A1BF000172240 /* NotoSansKR-Regular.otf in Resources */ = {isa = PBXBuildFile; fileRef = 2FFA7240291A1BF000172240 /* NotoSansKR-Regular.otf */; };
		2FFA7248291A340A00172240 /* PhoneViewController.swift in Sources */ = {isa = PBXBuildFile; fileRef = 2FFA7247291A340A00172240 /* PhoneViewController.swift */; };
		2FFA724A291A372500172240 /* PhoneView.swift in Sources */ = {isa = PBXBuildFile; fileRef = 2FFA7249291A372500172240 /* PhoneView.swift */; };
		2FFA724D291A3F3A00172240 /* IQKeyboardManagerSwift in Frameworks */ = {isa = PBXBuildFile; productRef = 2FFA724C291A3F3A00172240 /* IQKeyboardManagerSwift */; };
		2FFA7250291A40E300172240 /* RxCocoa in Frameworks */ = {isa = PBXBuildFile; productRef = 2FFA724F291A40E300172240 /* RxCocoa */; };
		2FFA7252291A40E300172240 /* RxSwift in Frameworks */ = {isa = PBXBuildFile; productRef = 2FFA7251291A40E300172240 /* RxSwift */; };
		2FFA7256291A414600172240 /* PhoneViewModel.swift in Sources */ = {isa = PBXBuildFile; fileRef = 2FFA7255291A414600172240 /* PhoneViewModel.swift */; };
/* End PBXBuildFile section */

/* Begin PBXFileReference section */
		2F21D6D5291B405300429935 /* GoogleService-Info.plist */ = {isa = PBXFileReference; fileEncoding = 4; lastKnownFileType = text.plist.xml; path = "GoogleService-Info.plist"; sourceTree = "<group>"; };
		2F21D6DE291B6BF900429935 /* SeSAC-StudyMate.entitlements */ = {isa = PBXFileReference; lastKnownFileType = text.plist.entitlements; path = "SeSAC-StudyMate.entitlements"; sourceTree = "<group>"; };
		2F21D6E1291B7F2700429935 /* PhoneCertificationView.swift */ = {isa = PBXFileReference; lastKnownFileType = sourcecode.swift; path = PhoneCertificationView.swift; sourceTree = "<group>"; };
		2F21D6E3291B7F3200429935 /* PhoneCertificationViewController.swift */ = {isa = PBXFileReference; lastKnownFileType = sourcecode.swift; path = PhoneCertificationViewController.swift; sourceTree = "<group>"; };
		2F21D6E6291B7F7500429935 /* PhoneCertificationViewModel.swift */ = {isa = PBXFileReference; lastKnownFileType = sourcecode.swift; path = PhoneCertificationViewModel.swift; sourceTree = "<group>"; };
		2FAE3F292918D4840069579F /* SeSAC-StudyMate.app */ = {isa = PBXFileReference; explicitFileType = wrapper.application; includeInIndex = 0; path = "SeSAC-StudyMate.app"; sourceTree = BUILT_PRODUCTS_DIR; };
		2FAE3F2C2918D4840069579F /* AppDelegate.swift */ = {isa = PBXFileReference; lastKnownFileType = sourcecode.swift; path = AppDelegate.swift; sourceTree = "<group>"; };
		2FAE3F2E2918D4840069579F /* SceneDelegate.swift */ = {isa = PBXFileReference; lastKnownFileType = sourcecode.swift; path = SceneDelegate.swift; sourceTree = "<group>"; };
		2FAE3F302918D4840069579F /* ViewController.swift */ = {isa = PBXFileReference; lastKnownFileType = sourcecode.swift; path = ViewController.swift; sourceTree = "<group>"; };
		2FAE3F332918D4840069579F /* Base */ = {isa = PBXFileReference; lastKnownFileType = file.storyboard; name = Base; path = Base.lproj/Main.storyboard; sourceTree = "<group>"; };
		2FAE3F352918D4850069579F /* Assets.xcassets */ = {isa = PBXFileReference; lastKnownFileType = folder.assetcatalog; path = Assets.xcassets; sourceTree = "<group>"; };
		2FAE3F382918D4850069579F /* Base */ = {isa = PBXFileReference; lastKnownFileType = file.storyboard; name = Base; path = Base.lproj/LaunchScreen.storyboard; sourceTree = "<group>"; };
		2FAE3F3A2918D4850069579F /* Info.plist */ = {isa = PBXFileReference; lastKnownFileType = text.plist.xml; path = Info.plist; sourceTree = "<group>"; };
		2FAE3F402918D4AD0069579F /* .gitignore */ = {isa = PBXFileReference; lastKnownFileType = text; path = .gitignore; sourceTree = "<group>"; };
		2FAE3F482918D54F0069579F /* CollectionType+.swift */ = {isa = PBXFileReference; fileEncoding = 4; lastKnownFileType = sourcecode.swift; path = "CollectionType+.swift"; sourceTree = "<group>"; };
		2FAE3F492918D54F0069579F /* String+.swift */ = {isa = PBXFileReference; fileEncoding = 4; lastKnownFileType = sourcecode.swift; path = "String+.swift"; sourceTree = "<group>"; };
		2FAE3F4A2918D54F0069579F /* UIViewController+.swift */ = {isa = PBXFileReference; fileEncoding = 4; lastKnownFileType = sourcecode.swift; path = "UIViewController+.swift"; sourceTree = "<group>"; };
		2FAE3F4C2918D54F0069579F /* ReusableProtocol.swift */ = {isa = PBXFileReference; fileEncoding = 4; lastKnownFileType = sourcecode.swift; path = ReusableProtocol.swift; sourceTree = "<group>"; };
		2FAE3F4E2918D54F0069579F /* BaseViewController.swift */ = {isa = PBXFileReference; fileEncoding = 4; lastKnownFileType = sourcecode.swift; path = BaseViewController.swift; sourceTree = "<group>"; };
		2FAE3F4F2918D54F0069579F /* BaseTableViewCell.swift */ = {isa = PBXFileReference; fileEncoding = 4; lastKnownFileType = sourcecode.swift; path = BaseTableViewCell.swift; sourceTree = "<group>"; };
		2FAE3F502918D54F0069579F /* BaseCollectionViewCell.swift */ = {isa = PBXFileReference; fileEncoding = 4; lastKnownFileType = sourcecode.swift; path = BaseCollectionViewCell.swift; sourceTree = "<group>"; };
		2FAE3F512918D54F0069579F /* BaseView.swift */ = {isa = PBXFileReference; fileEncoding = 4; lastKnownFileType = sourcecode.swift; path = BaseView.swift; sourceTree = "<group>"; };
		2FAE3F5F2918D5980069579F /* UIColor+.swift */ = {isa = PBXFileReference; lastKnownFileType = sourcecode.swift; path = "UIColor+.swift"; sourceTree = "<group>"; };
		2FAE3F612918D9DD0069579F /* UIFont+.swift */ = {isa = PBXFileReference; lastKnownFileType = sourcecode.swift; path = "UIFont+.swift"; sourceTree = "<group>"; };
		2FAE3F672918ED5B0069579F /* UIButton+.swift */ = {isa = PBXFileReference; lastKnownFileType = sourcecode.swift; path = "UIButton+.swift"; sourceTree = "<group>"; };
		2FAE3F6F2918F6A90069579F /* OnBoardingViewController.swift */ = {isa = PBXFileReference; lastKnownFileType = sourcecode.swift; path = OnBoardingViewController.swift; sourceTree = "<group>"; };
		2FAE3F712918F7740069579F /* FirstViewController.swift */ = {isa = PBXFileReference; lastKnownFileType = sourcecode.swift; path = FirstViewController.swift; sourceTree = "<group>"; };
		2FAE3F732918F7820069579F /* SecondViewController.swift */ = {isa = PBXFileReference; lastKnownFileType = sourcecode.swift; path = SecondViewController.swift; sourceTree = "<group>"; };
		2FAE3F752918F78A0069579F /* ThirdViewController.swift */ = {isa = PBXFileReference; lastKnownFileType = sourcecode.swift; path = ThirdViewController.swift; sourceTree = "<group>"; };
		2FAE3F7829191F5A0069579F /* FirstView.swift */ = {isa = PBXFileReference; lastKnownFileType = sourcecode.swift; path = FirstView.swift; sourceTree = "<group>"; };
		2FFA723F291A1BF000172240 /* NotoSansKR-Medium.otf */ = {isa = PBXFileReference; lastKnownFileType = file; path = "NotoSansKR-Medium.otf"; sourceTree = "<group>"; };
		2FFA7240291A1BF000172240 /* NotoSansKR-Regular.otf */ = {isa = PBXFileReference; lastKnownFileType = file; path = "NotoSansKR-Regular.otf"; sourceTree = "<group>"; };
		2FFA7247291A340A00172240 /* PhoneViewController.swift */ = {isa = PBXFileReference; lastKnownFileType = sourcecode.swift; path = PhoneViewController.swift; sourceTree = "<group>"; };
		2FFA7249291A372500172240 /* PhoneView.swift */ = {isa = PBXFileReference; lastKnownFileType = sourcecode.swift; path = PhoneView.swift; sourceTree = "<group>"; };
		2FFA7255291A414600172240 /* PhoneViewModel.swift */ = {isa = PBXFileReference; lastKnownFileType = sourcecode.swift; path = PhoneViewModel.swift; sourceTree = "<group>"; };
/* End PBXFileReference section */

/* Begin PBXFrameworksBuildPhase section */
		2FAE3F262918D4840069579F /* Frameworks */ = {
			isa = PBXFrameworksBuildPhase;
			buildActionMask = 2147483647;
			files = (
				2F21D6DD291B424900429935 /* FirebaseMessaging in Frameworks */,
				2FFA7252291A40E300172240 /* RxSwift in Frameworks */,
				2FFA723D2919E9C200172240 /* Toast in Frameworks */,
				2FFA724D291A3F3A00172240 /* IQKeyboardManagerSwift in Frameworks */,
				2FFA7250291A40E300172240 /* RxCocoa in Frameworks */,
				2FAE3F662918EB7F0069579F /* SnapKit in Frameworks */,
				2F21D6DB291B424900429935 /* FirebaseCrashlytics in Frameworks */,
				2F21D6D9291B424900429935 /* FirebaseAuth in Frameworks */,
				2FAE3F6E2918EE090069579F /* Then in Frameworks */,
			);
			runOnlyForDeploymentPostprocessing = 0;
		};
/* End PBXFrameworksBuildPhase section */

/* Begin PBXGroup section */
		2F21D6DF291B7EF700429935 /* PhoneCertification */ = {
			isa = PBXGroup;
			children = (
				2F21D6E5291B7F6700429935 /* ViewModel */,
				2F21D6E0291B7F1A00429935 /* View */,
			);
			path = PhoneCertification;
			sourceTree = "<group>";
		};
		2F21D6E0291B7F1A00429935 /* View */ = {
			isa = PBXGroup;
			children = (
				2F21D6E1291B7F2700429935 /* PhoneCertificationView.swift */,
				2F21D6E3291B7F3200429935 /* PhoneCertificationViewController.swift */,
			);
			path = View;
			sourceTree = "<group>";
		};
		2F21D6E5291B7F6700429935 /* ViewModel */ = {
			isa = PBXGroup;
			children = (
				2F21D6E6291B7F7500429935 /* PhoneCertificationViewModel.swift */,
			);
			path = ViewModel;
			sourceTree = "<group>";
		};
		2F21D6E8291B838C00429935 /* Nickname */ = {
			isa = PBXGroup;
			children = (
			);
			path = Nickname;
			sourceTree = "<group>";
		};
		2F21D6E9291B839C00429935 /* BirthDay */ = {
			isa = PBXGroup;
			children = (
			);
			path = BirthDay;
			sourceTree = "<group>";
		};
		2F21D6EA291B83AB00429935 /* Email */ = {
			isa = PBXGroup;
			children = (
			);
			path = Email;
			sourceTree = "<group>";
		};
		2F21D6EB291B83B400429935 /* Gender */ = {
			isa = PBXGroup;
			children = (
			);
			path = Gender;
			sourceTree = "<group>";
		};
		2FAE3F202918D4840069579F = {
			isa = PBXGroup;
			children = (
				2FAE3F402918D4AD0069579F /* .gitignore */,
				2FAE3F2B2918D4840069579F /* SeSAC-StudyMate */,
				2FAE3F2A2918D4840069579F /* Products */,
			);
			sourceTree = "<group>";
		};
		2FAE3F2A2918D4840069579F /* Products */ = {
			isa = PBXGroup;
			children = (
				2FAE3F292918D4840069579F /* SeSAC-StudyMate.app */,
			);
			name = Products;
			sourceTree = "<group>";
		};
		2FAE3F2B2918D4840069579F /* SeSAC-StudyMate */ = {
			isa = PBXGroup;
			children = (
				2F21D6DE291B6BF900429935 /* SeSAC-StudyMate.entitlements */,
				2FAE3F432918D54F0069579F /* Source */,
				2FAE3F552918D54F0069579F /* Support */,
				2FAE3F562918D54F0069579F /* Resource */,
				2FAE3F302918D4840069579F /* ViewController.swift */,
				2FAE3F322918D4840069579F /* Main.storyboard */,
				2FAE3F352918D4850069579F /* Assets.xcassets */,
				2FAE3F372918D4850069579F /* LaunchScreen.storyboard */,
				2FAE3F3A2918D4850069579F /* Info.plist */,
				2F21D6D5291B405300429935 /* GoogleService-Info.plist */,
			);
			path = "SeSAC-StudyMate";
			sourceTree = "<group>";
		};
		2FAE3F432918D54F0069579F /* Source */ = {
			isa = PBXGroup;
			children = (
				2FAE3F442918D54F0069579F /* Network */,
				2FAE3F452918D54F0069579F /* Common */,
				2FAE3F522918D54F0069579F /* Model */,
				2FAE3F532918D54F0069579F /* Sence */,
				2FAE3F542918D54F0069579F /* Application */,
			);
			path = Source;
			sourceTree = "<group>";
		};
		2FAE3F442918D54F0069579F /* Network */ = {
			isa = PBXGroup;
			children = (
			);
			path = Network;
			sourceTree = "<group>";
		};
		2FAE3F452918D54F0069579F /* Common */ = {
			isa = PBXGroup;
			children = (
				2FAE3F462918D54F0069579F /* Utility */,
			);
			path = Common;
			sourceTree = "<group>";
		};
		2FAE3F462918D54F0069579F /* Utility */ = {
			isa = PBXGroup;
			children = (
				2FFA723E291A1BC600172240 /* Font */,
				2FAE3F472918D54F0069579F /* Extension */,
				2FAE3F4B2918D54F0069579F /* Protocol */,
				2FAE3F4D2918D54F0069579F /* Base */,
			);
			path = Utility;
			sourceTree = "<group>";
		};
		2FAE3F472918D54F0069579F /* Extension */ = {
			isa = PBXGroup;
			children = (
				2FAE3F482918D54F0069579F /* CollectionType+.swift */,
				2FAE3F492918D54F0069579F /* String+.swift */,
				2FAE3F4A2918D54F0069579F /* UIViewController+.swift */,
				2FAE3F5F2918D5980069579F /* UIColor+.swift */,
				2FAE3F612918D9DD0069579F /* UIFont+.swift */,
				2FAE3F672918ED5B0069579F /* UIButton+.swift */,
			);
			path = Extension;
			sourceTree = "<group>";
		};
		2FAE3F4B2918D54F0069579F /* Protocol */ = {
			isa = PBXGroup;
			children = (
				2FAE3F4C2918D54F0069579F /* ReusableProtocol.swift */,
			);
			path = Protocol;
			sourceTree = "<group>";
		};
		2FAE3F4D2918D54F0069579F /* Base */ = {
			isa = PBXGroup;
			children = (
				2FAE3F4E2918D54F0069579F /* BaseViewController.swift */,
				2FAE3F4F2918D54F0069579F /* BaseTableViewCell.swift */,
				2FAE3F502918D54F0069579F /* BaseCollectionViewCell.swift */,
				2FAE3F512918D54F0069579F /* BaseView.swift */,
			);
			path = Base;
			sourceTree = "<group>";
		};
		2FAE3F522918D54F0069579F /* Model */ = {
			isa = PBXGroup;
			children = (
			);
			path = Model;
			sourceTree = "<group>";
		};
		2FAE3F532918D54F0069579F /* Sence */ = {
			isa = PBXGroup;
			children = (
				2FFA7243291A304600172240 /* Login */,
				2FAE3F632918EA000069579F /* onBoarding */,
			);
			path = Sence;
			sourceTree = "<group>";
		};
		2FAE3F542918D54F0069579F /* Application */ = {
			isa = PBXGroup;
			children = (
			);
			path = Application;
			sourceTree = "<group>";
		};
		2FAE3F552918D54F0069579F /* Support */ = {
			isa = PBXGroup;
			children = (
			);
			path = Support;
			sourceTree = "<group>";
		};
		2FAE3F562918D54F0069579F /* Resource */ = {
			isa = PBXGroup;
			children = (
				2FAE3F2C2918D4840069579F /* AppDelegate.swift */,
				2FAE3F2E2918D4840069579F /* SceneDelegate.swift */,
			);
			path = Resource;
			sourceTree = "<group>";
		};
		2FAE3F632918EA000069579F /* onBoarding */ = {
			isa = PBXGroup;
			children = (
				2FAE3F7729191F3A0069579F /* View */,
			);
			path = onBoarding;
			sourceTree = "<group>";
		};
		2FAE3F7729191F3A0069579F /* View */ = {
			isa = PBXGroup;
			children = (
				2FAE3F6F2918F6A90069579F /* OnBoardingViewController.swift */,
				2FAE3F732918F7820069579F /* SecondViewController.swift */,
				2FAE3F752918F78A0069579F /* ThirdViewController.swift */,
				2FAE3F712918F7740069579F /* FirstViewController.swift */,
				2FAE3F7829191F5A0069579F /* FirstView.swift */,
			);
			path = View;
			sourceTree = "<group>";
		};
		2FFA723E291A1BC600172240 /* Font */ = {
			isa = PBXGroup;
			children = (
				2FFA723F291A1BF000172240 /* NotoSansKR-Medium.otf */,
				2FFA7240291A1BF000172240 /* NotoSansKR-Regular.otf */,
			);
			path = Font;
			sourceTree = "<group>";
		};
		2FFA7243291A304600172240 /* Login */ = {
			isa = PBXGroup;
			children = (
				2F21D6EB291B83B400429935 /* Gender */,
				2F21D6EA291B83AB00429935 /* Email */,
				2F21D6E9291B839C00429935 /* BirthDay */,
				2F21D6E8291B838C00429935 /* Nickname */,
				2F21D6DF291B7EF700429935 /* PhoneCertification */,
				2FFA7253291A40F300172240 /* Phone */,
			);
			path = Login;
			sourceTree = "<group>";
		};
		2FFA7244291A306600172240 /* View */ = {
			isa = PBXGroup;
			children = (
				2FFA7249291A372500172240 /* PhoneView.swift */,
				2FFA7247291A340A00172240 /* PhoneViewController.swift */,
			);
			path = View;
			sourceTree = "<group>";
		};
		2FFA7253291A40F300172240 /* Phone */ = {
			isa = PBXGroup;
			children = (
				2FFA7254291A413900172240 /* ViewModel */,
				2FFA7244291A306600172240 /* View */,
			);
			path = Phone;
			sourceTree = "<group>";
		};
		2FFA7254291A413900172240 /* ViewModel */ = {
			isa = PBXGroup;
			children = (
				2FFA7255291A414600172240 /* PhoneViewModel.swift */,
			);
			path = ViewModel;
			sourceTree = "<group>";
		};
/* End PBXGroup section */

/* Begin PBXNativeTarget section */
		2FAE3F282918D4840069579F /* SeSAC-StudyMate */ = {
			isa = PBXNativeTarget;
			buildConfigurationList = 2FAE3F3D2918D4850069579F /* Build configuration list for PBXNativeTarget "SeSAC-StudyMate" */;
			buildPhases = (
				2FAE3F252918D4840069579F /* Sources */,
				2FAE3F262918D4840069579F /* Frameworks */,
				2FAE3F272918D4840069579F /* Resources */,
			);
			buildRules = (
			);
			dependencies = (
			);
			name = "SeSAC-StudyMate";
			packageProductDependencies = (
				2FAE3F652918EB7F0069579F /* SnapKit */,
				2FAE3F6D2918EE090069579F /* Then */,
				2FFA723C2919E9C200172240 /* Toast */,
				2FFA724C291A3F3A00172240 /* IQKeyboardManagerSwift */,
				2FFA724F291A40E300172240 /* RxCocoa */,
				2FFA7251291A40E300172240 /* RxSwift */,
				2F21D6D8291B424900429935 /* FirebaseAuth */,
				2F21D6DA291B424900429935 /* FirebaseCrashlytics */,
				2F21D6DC291B424900429935 /* FirebaseMessaging */,
			);
			productName = "SeSAC-StudyMate";
			productReference = 2FAE3F292918D4840069579F /* SeSAC-StudyMate.app */;
			productType = "com.apple.product-type.application";
		};
/* End PBXNativeTarget section */

/* Begin PBXProject section */
		2FAE3F212918D4840069579F /* Project object */ = {
			isa = PBXProject;
			attributes = {
				BuildIndependentTargetsInParallel = 1;
				LastSwiftUpdateCheck = 1400;
				LastUpgradeCheck = 1400;
				TargetAttributes = {
					2FAE3F282918D4840069579F = {
						CreatedOnToolsVersion = 14.0;
					};
				};
			};
			buildConfigurationList = 2FAE3F242918D4840069579F /* Build configuration list for PBXProject "SeSAC-StudyMate" */;
			compatibilityVersion = "Xcode 14.0";
			developmentRegion = en;
			hasScannedForEncodings = 0;
			knownRegions = (
				en,
				Base,
			);
			mainGroup = 2FAE3F202918D4840069579F;
			packageReferences = (
				2FAE3F642918EB7F0069579F /* XCRemoteSwiftPackageReference "SnapKit" */,
				2FAE3F6C2918EE090069579F /* XCRemoteSwiftPackageReference "Then" */,
				2FFA723B2919E9C200172240 /* XCRemoteSwiftPackageReference "Toast-Swift" */,
				2FFA724B291A3F3A00172240 /* XCRemoteSwiftPackageReference "IQKeyboardManager" */,
				2FFA724E291A40E300172240 /* XCRemoteSwiftPackageReference "RxSwift" */,
				2F21D6D7291B424900429935 /* XCRemoteSwiftPackageReference "firebase-ios-sdk" */,
			);
			productRefGroup = 2FAE3F2A2918D4840069579F /* Products */;
			projectDirPath = "";
			projectRoot = "";
			targets = (
				2FAE3F282918D4840069579F /* SeSAC-StudyMate */,
			);
		};
/* End PBXProject section */

/* Begin PBXResourcesBuildPhase section */
		2FAE3F272918D4840069579F /* Resources */ = {
			isa = PBXResourcesBuildPhase;
			buildActionMask = 2147483647;
			files = (
				2FAE3F412918D4AD0069579F /* .gitignore in Resources */,
				2FAE3F392918D4850069579F /* LaunchScreen.storyboard in Resources */,
				2FFA7241291A1BF000172240 /* NotoSansKR-Medium.otf in Resources */,
				2FAE3F362918D4850069579F /* Assets.xcassets in Resources */,
				2FFA7242291A1BF000172240 /* NotoSansKR-Regular.otf in Resources */,
				2FAE3F342918D4840069579F /* Main.storyboard in Resources */,
				2F21D6D6291B405300429935 /* GoogleService-Info.plist in Resources */,
			);
			runOnlyForDeploymentPostprocessing = 0;
		};
/* End PBXResourcesBuildPhase section */

/* Begin PBXSourcesBuildPhase section */
		2FAE3F252918D4840069579F /* Sources */ = {
			isa = PBXSourcesBuildPhase;
			buildActionMask = 2147483647;
			files = (
				2FAE3F622918D9DD0069579F /* UIFont+.swift in Sources */,
				2FAE3F742918F7820069579F /* SecondViewController.swift in Sources */,
				2FAE3F682918ED5B0069579F /* UIButton+.swift in Sources */,
				2FAE3F312918D4840069579F /* ViewController.swift in Sources */,
				2FAE3F5A2918D54F0069579F /* ReusableProtocol.swift in Sources */,
				2FAE3F572918D54F0069579F /* CollectionType+.swift in Sources */,
				2F21D6E7291B7F7500429935 /* PhoneCertificationViewModel.swift in Sources */,
				2FFA7248291A340A00172240 /* PhoneViewController.swift in Sources */,
				2FAE3F592918D54F0069579F /* UIViewController+.swift in Sources */,
				2FAE3F7929191F5A0069579F /* FirstView.swift in Sources */,
				2FAE3F5C2918D54F0069579F /* BaseTableViewCell.swift in Sources */,
				2FAE3F602918D5980069579F /* UIColor+.swift in Sources */,
				2FAE3F5D2918D54F0069579F /* BaseCollectionViewCell.swift in Sources */,
				2FAE3F762918F78A0069579F /* ThirdViewController.swift in Sources */,
				2FAE3F702918F6A90069579F /* OnBoardingViewController.swift in Sources */,
				2F21D6E4291B7F3200429935 /* PhoneCertificationViewController.swift in Sources */,
				2FAE3F582918D54F0069579F /* String+.swift in Sources */,
				2FAE3F722918F7740069579F /* FirstViewController.swift in Sources */,
				2FAE3F5B2918D54F0069579F /* BaseViewController.swift in Sources */,
				2FFA7256291A414600172240 /* PhoneViewModel.swift in Sources */,
				2FAE3F2D2918D4840069579F /* AppDelegate.swift in Sources */,
				2FAE3F5E2918D54F0069579F /* BaseView.swift in Sources */,
				2F21D6E2291B7F2700429935 /* PhoneCertificationView.swift in Sources */,
				2FAE3F2F2918D4840069579F /* SceneDelegate.swift in Sources */,
				2FFA724A291A372500172240 /* PhoneView.swift in Sources */,
			);
			runOnlyForDeploymentPostprocessing = 0;
		};
/* End PBXSourcesBuildPhase section */

/* Begin PBXVariantGroup section */
		2FAE3F322918D4840069579F /* Main.storyboard */ = {
			isa = PBXVariantGroup;
			children = (
				2FAE3F332918D4840069579F /* Base */,
			);
			name = Main.storyboard;
			sourceTree = "<group>";
		};
		2FAE3F372918D4850069579F /* LaunchScreen.storyboard */ = {
			isa = PBXVariantGroup;
			children = (
				2FAE3F382918D4850069579F /* Base */,
			);
			name = LaunchScreen.storyboard;
			sourceTree = "<group>";
		};
/* End PBXVariantGroup section */

/* Begin XCBuildConfiguration section */
		2FAE3F3B2918D4850069579F /* Debug */ = {
			isa = XCBuildConfiguration;
			buildSettings = {
				ALWAYS_SEARCH_USER_PATHS = NO;
				CLANG_ANALYZER_NONNULL = YES;
				CLANG_ANALYZER_NUMBER_OBJECT_CONVERSION = YES_AGGRESSIVE;
				CLANG_CXX_LANGUAGE_STANDARD = "gnu++20";
				CLANG_ENABLE_MODULES = YES;
				CLANG_ENABLE_OBJC_ARC = YES;
				CLANG_ENABLE_OBJC_WEAK = YES;
				CLANG_WARN_BLOCK_CAPTURE_AUTORELEASING = YES;
				CLANG_WARN_BOOL_CONVERSION = YES;
				CLANG_WARN_COMMA = YES;
				CLANG_WARN_CONSTANT_CONVERSION = YES;
				CLANG_WARN_DEPRECATED_OBJC_IMPLEMENTATIONS = YES;
				CLANG_WARN_DIRECT_OBJC_ISA_USAGE = YES_ERROR;
				CLANG_WARN_DOCUMENTATION_COMMENTS = YES;
				CLANG_WARN_EMPTY_BODY = YES;
				CLANG_WARN_ENUM_CONVERSION = YES;
				CLANG_WARN_INFINITE_RECURSION = YES;
				CLANG_WARN_INT_CONVERSION = YES;
				CLANG_WARN_NON_LITERAL_NULL_CONVERSION = YES;
				CLANG_WARN_OBJC_IMPLICIT_RETAIN_SELF = YES;
				CLANG_WARN_OBJC_LITERAL_CONVERSION = YES;
				CLANG_WARN_OBJC_ROOT_CLASS = YES_ERROR;
				CLANG_WARN_QUOTED_INCLUDE_IN_FRAMEWORK_HEADER = YES;
				CLANG_WARN_RANGE_LOOP_ANALYSIS = YES;
				CLANG_WARN_STRICT_PROTOTYPES = YES;
				CLANG_WARN_SUSPICIOUS_MOVE = YES;
				CLANG_WARN_UNGUARDED_AVAILABILITY = YES_AGGRESSIVE;
				CLANG_WARN_UNREACHABLE_CODE = YES;
				CLANG_WARN__DUPLICATE_METHOD_MATCH = YES;
				COPY_PHASE_STRIP = NO;
				DEBUG_INFORMATION_FORMAT = dwarf;
				ENABLE_STRICT_OBJC_MSGSEND = YES;
				ENABLE_TESTABILITY = YES;
				GCC_C_LANGUAGE_STANDARD = gnu11;
				GCC_DYNAMIC_NO_PIC = NO;
				GCC_NO_COMMON_BLOCKS = YES;
				GCC_OPTIMIZATION_LEVEL = 0;
				GCC_PREPROCESSOR_DEFINITIONS = (
					"DEBUG=1",
					"$(inherited)",
				);
				GCC_WARN_64_TO_32_BIT_CONVERSION = YES;
				GCC_WARN_ABOUT_RETURN_TYPE = YES_ERROR;
				GCC_WARN_UNDECLARED_SELECTOR = YES;
				GCC_WARN_UNINITIALIZED_AUTOS = YES_AGGRESSIVE;
				GCC_WARN_UNUSED_FUNCTION = YES;
				GCC_WARN_UNUSED_VARIABLE = YES;
				IPHONEOS_DEPLOYMENT_TARGET = 15.0;
				MTL_ENABLE_DEBUG_INFO = INCLUDE_SOURCE;
				MTL_FAST_MATH = YES;
				ONLY_ACTIVE_ARCH = YES;
				SDKROOT = iphoneos;
				SWIFT_ACTIVE_COMPILATION_CONDITIONS = DEBUG;
				SWIFT_OPTIMIZATION_LEVEL = "-Onone";
			};
			name = Debug;
		};
		2FAE3F3C2918D4850069579F /* Release */ = {
			isa = XCBuildConfiguration;
			buildSettings = {
				ALWAYS_SEARCH_USER_PATHS = NO;
				CLANG_ANALYZER_NONNULL = YES;
				CLANG_ANALYZER_NUMBER_OBJECT_CONVERSION = YES_AGGRESSIVE;
				CLANG_CXX_LANGUAGE_STANDARD = "gnu++20";
				CLANG_ENABLE_MODULES = YES;
				CLANG_ENABLE_OBJC_ARC = YES;
				CLANG_ENABLE_OBJC_WEAK = YES;
				CLANG_WARN_BLOCK_CAPTURE_AUTORELEASING = YES;
				CLANG_WARN_BOOL_CONVERSION = YES;
				CLANG_WARN_COMMA = YES;
				CLANG_WARN_CONSTANT_CONVERSION = YES;
				CLANG_WARN_DEPRECATED_OBJC_IMPLEMENTATIONS = YES;
				CLANG_WARN_DIRECT_OBJC_ISA_USAGE = YES_ERROR;
				CLANG_WARN_DOCUMENTATION_COMMENTS = YES;
				CLANG_WARN_EMPTY_BODY = YES;
				CLANG_WARN_ENUM_CONVERSION = YES;
				CLANG_WARN_INFINITE_RECURSION = YES;
				CLANG_WARN_INT_CONVERSION = YES;
				CLANG_WARN_NON_LITERAL_NULL_CONVERSION = YES;
				CLANG_WARN_OBJC_IMPLICIT_RETAIN_SELF = YES;
				CLANG_WARN_OBJC_LITERAL_CONVERSION = YES;
				CLANG_WARN_OBJC_ROOT_CLASS = YES_ERROR;
				CLANG_WARN_QUOTED_INCLUDE_IN_FRAMEWORK_HEADER = YES;
				CLANG_WARN_RANGE_LOOP_ANALYSIS = YES;
				CLANG_WARN_STRICT_PROTOTYPES = YES;
				CLANG_WARN_SUSPICIOUS_MOVE = YES;
				CLANG_WARN_UNGUARDED_AVAILABILITY = YES_AGGRESSIVE;
				CLANG_WARN_UNREACHABLE_CODE = YES;
				CLANG_WARN__DUPLICATE_METHOD_MATCH = YES;
				COPY_PHASE_STRIP = NO;
				DEBUG_INFORMATION_FORMAT = "dwarf-with-dsym";
				ENABLE_NS_ASSERTIONS = NO;
				ENABLE_STRICT_OBJC_MSGSEND = YES;
				GCC_C_LANGUAGE_STANDARD = gnu11;
				GCC_NO_COMMON_BLOCKS = YES;
				GCC_WARN_64_TO_32_BIT_CONVERSION = YES;
				GCC_WARN_ABOUT_RETURN_TYPE = YES_ERROR;
				GCC_WARN_UNDECLARED_SELECTOR = YES;
				GCC_WARN_UNINITIALIZED_AUTOS = YES_AGGRESSIVE;
				GCC_WARN_UNUSED_FUNCTION = YES;
				GCC_WARN_UNUSED_VARIABLE = YES;
				IPHONEOS_DEPLOYMENT_TARGET = 15.0;
				MTL_ENABLE_DEBUG_INFO = NO;
				MTL_FAST_MATH = YES;
				SDKROOT = iphoneos;
				SWIFT_COMPILATION_MODE = wholemodule;
				SWIFT_OPTIMIZATION_LEVEL = "-O";
				VALIDATE_PRODUCT = YES;
			};
			name = Release;
		};
		2FAE3F3E2918D4850069579F /* Debug */ = {
			isa = XCBuildConfiguration;
			buildSettings = {
				ASSETCATALOG_COMPILER_APPICON_NAME = AppIcon;
				ASSETCATALOG_COMPILER_GLOBAL_ACCENT_COLOR_NAME = AccentColor;
				CODE_SIGN_ENTITLEMENTS = "SeSAC-StudyMate/SeSAC-StudyMate.entitlements";
				CODE_SIGN_STYLE = Automatic;
				CURRENT_PROJECT_VERSION = 1;
				DEVELOPMENT_TEAM = LL4R66V6Y3;
				GENERATE_INFOPLIST_FILE = YES;
				INFOPLIST_FILE = "SeSAC-StudyMate/Info.plist";
				INFOPLIST_KEY_UIApplicationSupportsIndirectInputEvents = YES;
				INFOPLIST_KEY_UILaunchStoryboardName = LaunchScreen;
				INFOPLIST_KEY_UIMainStoryboardFile = Main;
				INFOPLIST_KEY_UISupportedInterfaceOrientations_iPad = "UIInterfaceOrientationPortrait UIInterfaceOrientationPortraitUpsideDown UIInterfaceOrientationLandscapeLeft UIInterfaceOrientationLandscapeRight";
				INFOPLIST_KEY_UISupportedInterfaceOrientations_iPhone = "UIInterfaceOrientationPortrait UIInterfaceOrientationLandscapeLeft UIInterfaceOrientationLandscapeRight";
				LD_RUNPATH_SEARCH_PATHS = (
					"$(inherited)",
					"@executable_path/Frameworks",
				);
				MARKETING_VERSION = 1.0;
				PRODUCT_BUNDLE_IDENTIFIER = "cody.SeSAC-StudyMate";
				PRODUCT_NAME = "$(TARGET_NAME)";
				SUPPORTED_PLATFORMS = "iphoneos iphonesimulator";
				SUPPORTS_MACCATALYST = NO;
				SUPPORTS_MAC_DESIGNED_FOR_IPHONE_IPAD = NO;
				SWIFT_EMIT_LOC_STRINGS = YES;
				SWIFT_VERSION = 5.0;
				TARGETED_DEVICE_FAMILY = "1,2";
			};
			name = Debug;
		};
		2FAE3F3F2918D4850069579F /* Release */ = {
			isa = XCBuildConfiguration;
			buildSettings = {
				ASSETCATALOG_COMPILER_APPICON_NAME = AppIcon;
				ASSETCATALOG_COMPILER_GLOBAL_ACCENT_COLOR_NAME = AccentColor;
				CODE_SIGN_ENTITLEMENTS = "SeSAC-StudyMate/SeSAC-StudyMate.entitlements";
				CODE_SIGN_STYLE = Automatic;
				CURRENT_PROJECT_VERSION = 1;
				DEVELOPMENT_TEAM = LL4R66V6Y3;
				GENERATE_INFOPLIST_FILE = YES;
				INFOPLIST_FILE = "SeSAC-StudyMate/Info.plist";
				INFOPLIST_KEY_UIApplicationSupportsIndirectInputEvents = YES;
				INFOPLIST_KEY_UILaunchStoryboardName = LaunchScreen;
				INFOPLIST_KEY_UIMainStoryboardFile = Main;
				INFOPLIST_KEY_UISupportedInterfaceOrientations_iPad = "UIInterfaceOrientationPortrait UIInterfaceOrientationPortraitUpsideDown UIInterfaceOrientationLandscapeLeft UIInterfaceOrientationLandscapeRight";
				INFOPLIST_KEY_UISupportedInterfaceOrientations_iPhone = "UIInterfaceOrientationPortrait UIInterfaceOrientationLandscapeLeft UIInterfaceOrientationLandscapeRight";
				LD_RUNPATH_SEARCH_PATHS = (
					"$(inherited)",
					"@executable_path/Frameworks",
				);
				MARKETING_VERSION = 1.0;
				PRODUCT_BUNDLE_IDENTIFIER = "cody.SeSAC-StudyMate";
				PRODUCT_NAME = "$(TARGET_NAME)";
				SUPPORTED_PLATFORMS = "iphoneos iphonesimulator";
				SUPPORTS_MACCATALYST = NO;
				SUPPORTS_MAC_DESIGNED_FOR_IPHONE_IPAD = NO;
				SWIFT_EMIT_LOC_STRINGS = YES;
				SWIFT_VERSION = 5.0;
				TARGETED_DEVICE_FAMILY = "1,2";
			};
			name = Release;
		};
/* End XCBuildConfiguration section */

/* Begin XCConfigurationList section */
		2FAE3F242918D4840069579F /* Build configuration list for PBXProject "SeSAC-StudyMate" */ = {
			isa = XCConfigurationList;
			buildConfigurations = (
				2FAE3F3B2918D4850069579F /* Debug */,
				2FAE3F3C2918D4850069579F /* Release */,
			);
			defaultConfigurationIsVisible = 0;
			defaultConfigurationName = Release;
		};
		2FAE3F3D2918D4850069579F /* Build configuration list for PBXNativeTarget "SeSAC-StudyMate" */ = {
			isa = XCConfigurationList;
			buildConfigurations = (
				2FAE3F3E2918D4850069579F /* Debug */,
				2FAE3F3F2918D4850069579F /* Release */,
			);
			defaultConfigurationIsVisible = 0;
			defaultConfigurationName = Release;
		};
/* End XCConfigurationList section */

/* Begin XCRemoteSwiftPackageReference section */
		2F21D6D7291B424900429935 /* XCRemoteSwiftPackageReference "firebase-ios-sdk" */ = {
			isa = XCRemoteSwiftPackageReference;
			repositoryURL = "https://github.com/firebase/firebase-ios-sdk";
			requirement = {
				kind = upToNextMajorVersion;
				minimumVersion = 9.0.0;
			};
		};
		2FAE3F642918EB7F0069579F /* XCRemoteSwiftPackageReference "SnapKit" */ = {
			isa = XCRemoteSwiftPackageReference;
			repositoryURL = "https://github.com/SnapKit/SnapKit.git";
			requirement = {
				kind = upToNextMajorVersion;
				minimumVersion = 5.0.0;
			};
		};
		2FAE3F6C2918EE090069579F /* XCRemoteSwiftPackageReference "Then" */ = {
			isa = XCRemoteSwiftPackageReference;
			repositoryURL = "https://github.com/devxoul/Then.git";
			requirement = {
				kind = upToNextMajorVersion;
				minimumVersion = 3.0.0;
			};
		};
		2FFA723B2919E9C200172240 /* XCRemoteSwiftPackageReference "Toast-Swift" */ = {
			isa = XCRemoteSwiftPackageReference;
			repositoryURL = "https://github.com/scalessec/Toast-Swift.git";
			requirement = {
				kind = upToNextMajorVersion;
				minimumVersion = 5.0.0;
			};
		};
		2FFA724B291A3F3A00172240 /* XCRemoteSwiftPackageReference "IQKeyboardManager" */ = {
			isa = XCRemoteSwiftPackageReference;
			repositoryURL = "https://github.com/hackiftekhar/IQKeyboardManager.git";
			requirement = {
				kind = exactVersion;
				version = 6.5.0;
			};
		};
		2FFA724E291A40E300172240 /* XCRemoteSwiftPackageReference "RxSwift" */ = {
			isa = XCRemoteSwiftPackageReference;
			repositoryURL = "https://github.com/ReactiveX/RxSwift.git";
			requirement = {
				kind = upToNextMajorVersion;
				minimumVersion = 6.0.0;
			};
		};
/* End XCRemoteSwiftPackageReference section */

/* Begin XCSwiftPackageProductDependency section */
		2F21D6D8291B424900429935 /* FirebaseAuth */ = {
			isa = XCSwiftPackageProductDependency;
			package = 2F21D6D7291B424900429935 /* XCRemoteSwiftPackageReference "firebase-ios-sdk" */;
			productName = FirebaseAuth;
		};
		2F21D6DA291B424900429935 /* FirebaseCrashlytics */ = {
			isa = XCSwiftPackageProductDependency;
			package = 2F21D6D7291B424900429935 /* XCRemoteSwiftPackageReference "firebase-ios-sdk" */;
			productName = FirebaseCrashlytics;
		};
		2F21D6DC291B424900429935 /* FirebaseMessaging */ = {
			isa = XCSwiftPackageProductDependency;
			package = 2F21D6D7291B424900429935 /* XCRemoteSwiftPackageReference "firebase-ios-sdk" */;
			productName = FirebaseMessaging;
		};
		2FAE3F652918EB7F0069579F /* SnapKit */ = {
			isa = XCSwiftPackageProductDependency;
			package = 2FAE3F642918EB7F0069579F /* XCRemoteSwiftPackageReference "SnapKit" */;
			productName = SnapKit;
		};
		2FAE3F6D2918EE090069579F /* Then */ = {
			isa = XCSwiftPackageProductDependency;
			package = 2FAE3F6C2918EE090069579F /* XCRemoteSwiftPackageReference "Then" */;
			productName = Then;
		};
		2FFA723C2919E9C200172240 /* Toast */ = {
			isa = XCSwiftPackageProductDependency;
			package = 2FFA723B2919E9C200172240 /* XCRemoteSwiftPackageReference "Toast-Swift" */;
			productName = Toast;
		};
		2FFA724C291A3F3A00172240 /* IQKeyboardManagerSwift */ = {
			isa = XCSwiftPackageProductDependency;
			package = 2FFA724B291A3F3A00172240 /* XCRemoteSwiftPackageReference "IQKeyboardManager" */;
			productName = IQKeyboardManagerSwift;
		};
		2FFA724F291A40E300172240 /* RxCocoa */ = {
			isa = XCSwiftPackageProductDependency;
			package = 2FFA724E291A40E300172240 /* XCRemoteSwiftPackageReference "RxSwift" */;
			productName = RxCocoa;
		};
		2FFA7251291A40E300172240 /* RxSwift */ = {
			isa = XCSwiftPackageProductDependency;
			package = 2FFA724E291A40E300172240 /* XCRemoteSwiftPackageReference "RxSwift" */;
			productName = RxSwift;
		};
/* End XCSwiftPackageProductDependency section */
	};
	rootObject = 2FAE3F212918D4840069579F /* Project object */;
}
